
Microsoft Visual Studio Solution File, Format Version 12.00
# Visual Studio Version 17
VisualStudioVersion = 17.2.32602.215
MinimumVisualStudioVersion = 10.0.40219.1
Project("{FAE04EC0-301F-11D3-BF4B-00C04F79EFBC}") = "SuperHeroAPI", "SuperHeroAPI\SuperHeroAPI.csproj", "{20B8A087-1738-4936-AB9E-CD0ACA833BD9}"
EndProject
Global
	GlobalSection(SolutionConfigurationPlatforms) = preSolution
		Debug|Any CPU = Debug|Any CPU
		Release|Any CPU = Release|Any CPU
	EndGlobalSection
	GlobalSection(ProjectConfigurationPlatforms) = postSolution
		{20B8A087-1738-4936-AB9E-CD0ACA833BD9}.Debug|Any CPU.ActiveCfg = Debug|Any CPU
		{20B8A087-1738-4936-AB9E-CD0ACA833BD9}.Debug|Any CPU.Build.0 = Debug|Any CPU
		{20B8A087-1738-4936-AB9E-CD0ACA833BD9}.Release|Any CPU.ActiveCfg = Release|Any CPU
		{20B8A087-1738-4936-AB9E-CD0ACA833BD9}.Release|Any CPU.Build.0 = Release|Any CPU
	EndGlobalSection
	GlobalSection(SolutionProperties) = preSolution
		HideSolutionNode = FALSE
	EndGlobalSection
	GlobalSection(ExtensibilityGlobals) = postSolution
		SolutionGuid = {FBF537E2-9919-4918-B9B5-DAB5D6074B93}
	EndGlobalSection
EndGlobal
